
Microsoft Visual Studio Solution File, Format Version 12.00
# Visual Studio Version 16
VisualStudioVersion = 16.0.31729.503
MinimumVisualStudioVersion = 10.0.40219.1
Project("{FAE04EC0-301F-11D3-BF4B-00C04F79EFBC}") = "my-book", "my-book\my-book.csproj", "{DABDAA9E-659E-4DB7-AC74-860D22472C9C}"
EndProject
Global
	GlobalSection(SolutionConfigurationPlatforms) = preSolution
		Debug|Any CPU = Debug|Any CPU
		Release|Any CPU = Release|Any CPU
	EndGlobalSection
	GlobalSection(ProjectConfigurationPlatforms) = postSolution
		{DABDAA9E-659E-4DB7-AC74-860D22472C9C}.Debug|Any CPU.ActiveCfg = Debug|Any CPU
		{DABDAA9E-659E-4DB7-AC74-860D22472C9C}.Debug|Any CPU.Build.0 = Debug|Any CPU
		{DABDAA9E-659E-4DB7-AC74-860D22472C9C}.Release|Any CPU.ActiveCfg = Release|Any CPU
		{DABDAA9E-659E-4DB7-AC74-860D22472C9C}.Release|Any CPU.Build.0 = Release|Any CPU
	EndGlobalSection
	GlobalSection(SolutionProperties) = preSolution
		HideSolutionNode = FALSE
	EndGlobalSection
	GlobalSection(ExtensibilityGlobals) = postSolution
		SolutionGuid = {DC6BCC00-0B6A-4150-80F6-E0C5609B45A9}
	EndGlobalSection
EndGlobal
